
Microsoft Visual Studio Solution File, Format Version 12.00
Project("{FAE04EC0-301F-11D3-BF4B-00C04F79EFBC}") = "DocFXSample", "DocFXSample\DocFXSample.csproj", "{001A8413-E106-4DAC-80D7-2B6DD9B201F8}"
EndProject
Project("{2150E333-8FDC-42A3-9474-1A3956D46DE8}") = "Solution Items", "Solution Items", "{D620F077-3E54-4835-9D2F-F45264FD7105}"
EndProject
Project("{2150E333-8FDC-42A3-9474-1A3956D46DE8}") = "Workflows", "Workflows", "{9C7D515D-E996-42B9-B1A9-64E45F99B93A}"
	ProjectSection(SolutionItems) = preProject
		.github\workflows\build-publish-docs.yml = .github\workflows\build-publish-docs.yml
	EndProjectSection
EndProject
Global
	GlobalSection(SolutionConfigurationPlatforms) = preSolution
		Debug|Any CPU = Debug|Any CPU
		Release|Any CPU = Release|Any CPU
	EndGlobalSection
	GlobalSection(ProjectConfigurationPlatforms) = postSolution
		{001A8413-E106-4DAC-80D7-2B6DD9B201F8}.Debug|Any CPU.ActiveCfg = Debug|Any CPU
		{001A8413-E106-4DAC-80D7-2B6DD9B201F8}.Debug|Any CPU.Build.0 = Debug|Any CPU
		{001A8413-E106-4DAC-80D7-2B6DD9B201F8}.Release|Any CPU.ActiveCfg = Release|Any CPU
		{001A8413-E106-4DAC-80D7-2B6DD9B201F8}.Release|Any CPU.Build.0 = Release|Any CPU
	EndGlobalSection
	GlobalSection(NestedProjects) = preSolution
		{9C7D515D-E996-42B9-B1A9-64E45F99B93A} = {D620F077-3E54-4835-9D2F-F45264FD7105}
	EndGlobalSection
EndGlobal
